// !$*UTF8*$!
{
	archiveVersion = 1;
	classes = {
	};
	objectVersion = 56;
	objects = {

/* Begin PBXBuildFile section */
		49650D9A2B4AB8CF00C0013D /* OnAppearIssueApp.swift in Sources */ = {isa = PBXBuildFile; fileRef = 49650D992B4AB8CF00C0013D /* OnAppearIssueApp.swift */; };
		49650D9C2B4AB8CF00C0013D /* ContentView.swift in Sources */ = {isa = PBXBuildFile; fileRef = 49650D9B2B4AB8CF00C0013D /* ContentView.swift */; };
		49650D9E2B4AB8D300C0013D /* Assets.xcassets in Resources */ = {isa = PBXBuildFile; fileRef = 49650D9D2B4AB8D300C0013D /* Assets.xcassets */; };
		49650DA12B4AB8D300C0013D /* Preview Assets.xcassets in Resources */ = {isa = PBXBuildFile; fileRef = 49650DA02B4AB8D300C0013D /* Preview Assets.xcassets */; };
		49650DAE2B4ABBA000C0013D /* OnAppearIssueTests.swift in Sources */ = {isa = PBXBuildFile; fileRef = 49650DAD2B4ABBA000C0013D /* OnAppearIssueTests.swift */; };
		49650DB62B4AC27E00C0013D /* TabViewView.swift in Sources */ = {isa = PBXBuildFile; fileRef = 49650DB52B4AC27E00C0013D /* TabViewView.swift */; };
		49650DB82B4AC2C500C0013D /* LoginView.swift in Sources */ = {isa = PBXBuildFile; fileRef = 49650DB72B4AC2C500C0013D /* LoginView.swift */; };
/* End PBXBuildFile section */

/* Begin PBXContainerItemProxy section */
		49650DAF2B4ABBA000C0013D /* PBXContainerItemProxy */ = {
			isa = PBXContainerItemProxy;
			containerPortal = 49650D8E2B4AB8CF00C0013D /* Project object */;
			proxyType = 1;
			remoteGlobalIDString = 49650D952B4AB8CF00C0013D;
			remoteInfo = OnAppearIssue;
		};
/* End PBXContainerItemProxy section */

/* Begin PBXFileReference section */
		49650D962B4AB8CF00C0013D /* OnAppearIssue.app */ = {isa = PBXFileReference; explicitFileType = wrapper.application; includeInIndex = 0; path = OnAppearIssue.app; sourceTree = BUILT_PRODUCTS_DIR; };
		49650D992B4AB8CF00C0013D /* OnAppearIssueApp.swift */ = {isa = PBXFileReference; lastKnownFileType = sourcecode.swift; path = OnAppearIssueApp.swift; sourceTree = "<group>"; };
		49650D9B2B4AB8CF00C0013D /* ContentView.swift */ = {isa = PBXFileReference; lastKnownFileType = sourcecode.swift; path = ContentView.swift; sourceTree = "<group>"; };
		49650D9D2B4AB8D300C0013D /* Assets.xcassets */ = {isa = PBXFileReference; lastKnownFileType = folder.assetcatalog; path = Assets.xcassets; sourceTree = "<group>"; };
		49650DA02B4AB8D300C0013D /* Preview Assets.xcassets */ = {isa = PBXFileReference; lastKnownFileType = folder.assetcatalog; path = "Preview Assets.xcassets"; sourceTree = "<group>"; };
		49650DAB2B4ABBA000C0013D /* OnAppearIssueTests.xctest */ = {isa = PBXFileReference; explicitFileType = wrapper.cfbundle; includeInIndex = 0; path = OnAppearIssueTests.xctest; sourceTree = BUILT_PRODUCTS_DIR; };
		49650DAD2B4ABBA000C0013D /* OnAppearIssueTests.swift */ = {isa = PBXFileReference; lastKnownFileType = sourcecode.swift; path = OnAppearIssueTests.swift; sourceTree = "<group>"; };
		49650DB42B4ABD9000C0013D /* OnAppearIssue.xctestplan */ = {isa = PBXFileReference; lastKnownFileType = text; path = OnAppearIssue.xctestplan; sourceTree = "<group>"; };
		49650DB52B4AC27E00C0013D /* TabViewView.swift */ = {isa = PBXFileReference; lastKnownFileType = sourcecode.swift; path = TabViewView.swift; sourceTree = "<group>"; };
		49650DB72B4AC2C500C0013D /* LoginView.swift */ = {isa = PBXFileReference; lastKnownFileType = sourcecode.swift; path = LoginView.swift; sourceTree = "<group>"; };
/* End PBXFileReference section */

/* Begin PBXFrameworksBuildPhase section */
		49650D932B4AB8CF00C0013D /* Frameworks */ = {
			isa = PBXFrameworksBuildPhase;
			buildActionMask = 2147483647;
			files = (
			);
			runOnlyForDeploymentPostprocessing = 0;
		};
		49650DA82B4ABBA000C0013D /* Frameworks */ = {
			isa = PBXFrameworksBuildPhase;
			buildActionMask = 2147483647;
			files = (
			);
			runOnlyForDeploymentPostprocessing = 0;
		};
/* End PBXFrameworksBuildPhase section */

/* Begin PBXGroup section */
		49650D8D2B4AB8CF00C0013D = {
			isa = PBXGroup;
			children = (
				49650DB42B4ABD9000C0013D /* OnAppearIssue.xctestplan */,
				49650D982B4AB8CF00C0013D /* OnAppearIssue */,
				49650DAC2B4ABBA000C0013D /* OnAppearIssueTests */,
				49650D972B4AB8CF00C0013D /* Products */,
			);
			sourceTree = "<group>";
		};
		49650D972B4AB8CF00C0013D /* Products */ = {
			isa = PBXGroup;
			children = (
				49650D962B4AB8CF00C0013D /* OnAppearIssue.app */,
				49650DAB2B4ABBA000C0013D /* OnAppearIssueTests.xctest */,
			);
			name = Products;
			sourceTree = "<group>";
		};
		49650D982B4AB8CF00C0013D /* OnAppearIssue */ = {
			isa = PBXGroup;
			children = (
				49650D992B4AB8CF00C0013D /* OnAppearIssueApp.swift */,
				49650D9B2B4AB8CF00C0013D /* ContentView.swift */,
				49650DB72B4AC2C500C0013D /* LoginView.swift */,
				49650DB52B4AC27E00C0013D /* TabViewView.swift */,
				49650D9D2B4AB8D300C0013D /* Assets.xcassets */,
				49650D9F2B4AB8D300C0013D /* Preview Content */,
			);
			path = OnAppearIssue;
			sourceTree = "<group>";
		};
		49650D9F2B4AB8D300C0013D /* Preview Content */ = {
			isa = PBXGroup;
			children = (
				49650DA02B4AB8D300C0013D /* Preview Assets.xcassets */,
			);
			path = "Preview Content";
			sourceTree = "<group>";
		};
		49650DAC2B4ABBA000C0013D /* OnAppearIssueTests */ = {
			isa = PBXGroup;
			children = (
				49650DAD2B4ABBA000C0013D /* OnAppearIssueTests.swift */,
			);
			path = OnAppearIssueTests;
			sourceTree = "<group>";
		};
/* End PBXGroup section */

/* Begin PBXNativeTarget section */
		49650D952B4AB8CF00C0013D /* OnAppearIssue */ = {
			isa = PBXNativeTarget;
			buildConfigurationList = 49650DA42B4AB8D300C0013D /* Build configuration list for PBXNativeTarget "OnAppearIssue" */;
			buildPhases = (
				49650D922B4AB8CF00C0013D /* Sources */,
				49650D932B4AB8CF00C0013D /* Frameworks */,
				49650D942B4AB8CF00C0013D /* Resources */,
			);
			buildRules = (
			);
			dependencies = (
			);
			name = OnAppearIssue;
			productName = OnAppearIssue;
			productReference = 49650D962B4AB8CF00C0013D /* OnAppearIssue.app */;
			productType = "com.apple.product-type.application";
		};
		49650DAA2B4ABBA000C0013D /* OnAppearIssueTests */ = {
			isa = PBXNativeTarget;
			buildConfigurationList = 49650DB12B4ABBA000C0013D /* Build configuration list for PBXNativeTarget "OnAppearIssueTests" */;
			buildPhases = (
				49650DA72B4ABBA000C0013D /* Sources */,
				49650DA82B4ABBA000C0013D /* Frameworks */,
				49650DA92B4ABBA000C0013D /* Resources */,
			);
			buildRules = (
			);
			dependencies = (
				49650DB02B4ABBA000C0013D /* PBXTargetDependency */,
			);
			name = OnAppearIssueTests;
			productName = OnAppearIssueTests;
			productReference = 49650DAB2B4ABBA000C0013D /* OnAppearIssueTests.xctest */;
			productType = "com.apple.product-type.bundle.unit-test";
		};
/* End PBXNativeTarget section */

/* Begin PBXProject section */
		49650D8E2B4AB8CF00C0013D /* Project object */ = {
			isa = PBXProject;
			attributes = {
				BuildIndependentTargetsInParallel = 1;
				LastSwiftUpdateCheck = 1510;
				LastUpgradeCheck = 1510;
				TargetAttributes = {
					49650D952B4AB8CF00C0013D = {
						CreatedOnToolsVersion = 15.1;
					};
					49650DAA2B4ABBA000C0013D = {
						CreatedOnToolsVersion = 15.1;
						TestTargetID = 49650D952B4AB8CF00C0013D;
					};
				};
			};
			buildConfigurationList = 49650D912B4AB8CF00C0013D /* Build configuration list for PBXProject "OnAppearIssue" */;
			compatibilityVersion = "Xcode 14.0";
			developmentRegion = en;
			hasScannedForEncodings = 0;
			knownRegions = (
				en,
				Base,
			);
			mainGroup = 49650D8D2B4AB8CF00C0013D;
			productRefGroup = 49650D972B4AB8CF00C0013D /* Products */;
			projectDirPath = "";
			projectRoot = "";
			targets = (
				49650D952B4AB8CF00C0013D /* OnAppearIssue */,
				49650DAA2B4ABBA000C0013D /* OnAppearIssueTests */,
			);
		};
/* End PBXProject section */

/* Begin PBXResourcesBuildPhase section */
		49650D942B4AB8CF00C0013D /* Resources */ = {
			isa = PBXResourcesBuildPhase;
			buildActionMask = 2147483647;
			files = (
				49650DA12B4AB8D300C0013D /* Preview Assets.xcassets in Resources */,
				49650D9E2B4AB8D300C0013D /* Assets.xcassets in Resources */,
			);
			runOnlyForDeploymentPostprocessing = 0;
		};
		49650DA92B4ABBA000C0013D /* Resources */ = {
			isa = PBXResourcesBuildPhase;
			buildActionMask = 2147483647;
			files = (
			);
			runOnlyForDeploymentPostprocessing = 0;
		};
/* End PBXResourcesBuildPhase section */

/* Begin PBXSourcesBuildPhase section */
		49650D922B4AB8CF00C0013D /* Sources */ = {
			isa = PBXSourcesBuildPhase;
			buildActionMask = 2147483647;
			files = (
				49650D9C2B4AB8CF00C0013D /* ContentView.swift in Sources */,
				49650D9A2B4AB8CF00C0013D /* OnAppearIssueApp.swift in Sources */,
				49650DB82B4AC2C500C0013D /* LoginView.swift in Sources */,
				49650DB62B4AC27E00C0013D /* TabViewView.swift in Sources */,
			);
			runOnlyForDeploymentPostprocessing = 0;
		};
		49650DA72B4ABBA000C0013D /* Sources */ = {
			isa = PBXSourcesBuildPhase;
			buildActionMask = 2147483647;
			files = (
				49650DAE2B4ABBA000C0013D /* OnAppearIssueTests.swift in Sources */,
			);
			runOnlyForDeploymentPostprocessing = 0;
		};
/* End PBXSourcesBuildPhase section */

/* Begin PBXTargetDependency section */
		49650DB02B4ABBA000C0013D /* PBXTargetDependency */ = {
			isa = PBXTargetDependency;
			target = 49650D952B4AB8CF00C0013D /* OnAppearIssue */;
			targetProxy = 49650DAF2B4ABBA000C0013D /* PBXContainerItemProxy */;
		};
/* End PBXTargetDependency section */

/* Begin XCBuildConfiguration section */
		49650DA22B4AB8D300C0013D /* Debug */ = {
			isa = XCBuildConfiguration;
			buildSettings = {
				ALWAYS_SEARCH_USER_PATHS = NO;
				ASSETCATALOG_COMPILER_GENERATE_SWIFT_ASSET_SYMBOL_EXTENSIONS = YES;
				CLANG_ANALYZER_NONNULL = YES;
				CLANG_ANALYZER_NUMBER_OBJECT_CONVERSION = YES_AGGRESSIVE;
				CLANG_CXX_LANGUAGE_STANDARD = "gnu++20";
				CLANG_ENABLE_MODULES = YES;
				CLANG_ENABLE_OBJC_ARC = YES;
				CLANG_ENABLE_OBJC_WEAK = YES;
				CLANG_WARN_BLOCK_CAPTURE_AUTORELEASING = YES;
				CLANG_WARN_BOOL_CONVERSION = YES;
				CLANG_WARN_COMMA = YES;
				CLANG_WARN_CONSTANT_CONVERSION = YES;
				CLANG_WARN_DEPRECATED_OBJC_IMPLEMENTATIONS = YES;
				CLANG_WARN_DIRECT_OBJC_ISA_USAGE = YES_ERROR;
				CLANG_WARN_DOCUMENTATION_COMMENTS = YES;
				CLANG_WARN_EMPTY_BODY = YES;
				CLANG_WARN_ENUM_CONVERSION = YES;
				CLANG_WARN_INFINITE_RECURSION = YES;
				CLANG_WARN_INT_CONVERSION = YES;
				CLANG_WARN_NON_LITERAL_NULL_CONVERSION = YES;
				CLANG_WARN_OBJC_IMPLICIT_RETAIN_SELF = YES;
				CLANG_WARN_OBJC_LITERAL_CONVERSION = YES;
				CLANG_WARN_OBJC_ROOT_CLASS = YES_ERROR;
				CLANG_WARN_QUOTED_INCLUDE_IN_FRAMEWORK_HEADER = YES;
				CLANG_WARN_RANGE_LOOP_ANALYSIS = YES;
				CLANG_WARN_STRICT_PROTOTYPES = YES;
				CLANG_WARN_SUSPICIOUS_MOVE = YES;
				CLANG_WARN_UNGUARDED_AVAILABILITY = YES_AGGRESSIVE;
				CLANG_WARN_UNREACHABLE_CODE = YES;
				CLANG_WARN__DUPLICATE_METHOD_MATCH = YES;
				COPY_PHASE_STRIP = NO;
				DEBUG_INFORMATION_FORMAT = dwarf;
				ENABLE_STRICT_OBJC_MSGSEND = YES;
				ENABLE_TESTABILITY = YES;
				ENABLE_USER_SCRIPT_SANDBOXING = YES;
				GCC_C_LANGUAGE_STANDARD = gnu17;
				GCC_DYNAMIC_NO_PIC = NO;
				GCC_NO_COMMON_BLOCKS = YES;
				GCC_OPTIMIZATION_LEVEL = 0;
				GCC_PREPROCESSOR_DEFINITIONS = (
					"DEBUG=1",
					"$(inherited)",
				);
				GCC_WARN_64_TO_32_BIT_CONVERSION = YES;
				GCC_WARN_ABOUT_RETURN_TYPE = YES_ERROR;
				GCC_WARN_UNDECLARED_SELECTOR = YES;
				GCC_WARN_UNINITIALIZED_AUTOS = YES_AGGRESSIVE;
				GCC_WARN_UNUSED_FUNCTION = YES;
				GCC_WARN_UNUSED_VARIABLE = YES;
				IPHONEOS_DEPLOYMENT_TARGET = 17.2;
				LOCALIZATION_PREFERS_STRING_CATALOGS = YES;
				MTL_ENABLE_DEBUG_INFO = INCLUDE_SOURCE;
				MTL_FAST_MATH = YES;
				ONLY_ACTIVE_ARCH = YES;
				SDKROOT = iphoneos;
				SWIFT_ACTIVE_COMPILATION_CONDITIONS = "DEBUG $(inherited)";
				SWIFT_OPTIMIZATION_LEVEL = "-Onone";
			};
			name = Debug;
		};
		49650DA32B4AB8D300C0013D /* Release */ = {
			isa = XCBuildConfiguration;
			buildSettings = {
				ALWAYS_SEARCH_USER_PATHS = NO;
				ASSETCATALOG_COMPILER_GENERATE_SWIFT_ASSET_SYMBOL_EXTENSIONS = YES;
				CLANG_ANALYZER_NONNULL = YES;
				CLANG_ANALYZER_NUMBER_OBJECT_CONVERSION = YES_AGGRESSIVE;
				CLANG_CXX_LANGUAGE_STANDARD = "gnu++20";
				CLANG_ENABLE_MODULES = YES;
				CLANG_ENABLE_OBJC_ARC = YES;
				CLANG_ENABLE_OBJC_WEAK = YES;
				CLANG_WARN_BLOCK_CAPTURE_AUTORELEASING = YES;
				CLANG_WARN_BOOL_CONVERSION = YES;
				CLANG_WARN_COMMA = YES;
				CLANG_WARN_CONSTANT_CONVERSION = YES;
				CLANG_WARN_DEPRECATED_OBJC_IMPLEMENTATIONS = YES;
				CLANG_WARN_DIRECT_OBJC_ISA_USAGE = YES_ERROR;
				CLANG_WARN_DOCUMENTATION_COMMENTS = YES;
				CLANG_WARN_EMPTY_BODY = YES;
				CLANG_WARN_ENUM_CONVERSION = YES;
				CLANG_WARN_INFINITE_RECURSION = YES;
				CLANG_WARN_INT_CONVERSION = YES;
				CLANG_WARN_NON_LITERAL_NULL_CONVERSION = YES;
				CLANG_WARN_OBJC_IMPLICIT_RETAIN_SELF = YES;
				CLANG_WARN_OBJC_LITERAL_CONVERSION = YES;
				CLANG_WARN_OBJC_ROOT_CLASS = YES_ERROR;
				CLANG_WARN_QUOTED_INCLUDE_IN_FRAMEWORK_HEADER = YES;
				CLANG_WARN_RANGE_LOOP_ANALYSIS = YES;
				CLANG_WARN_STRICT_PROTOTYPES = YES;
				CLANG_WARN_SUSPICIOUS_MOVE = YES;
				CLANG_WARN_UNGUARDED_AVAILABILITY = YES_AGGRESSIVE;
				CLANG_WARN_UNREACHABLE_CODE = YES;
				CLANG_WARN__DUPLICATE_METHOD_MATCH = YES;
				COPY_PHASE_STRIP = NO;
				DEBUG_INFORMATION_FORMAT = "dwarf-with-dsym";
				ENABLE_NS_ASSERTIONS = NO;
				ENABLE_STRICT_OBJC_MSGSEND = YES;
				ENABLE_USER_SCRIPT_SANDBOXING = YES;
				GCC_C_LANGUAGE_STANDARD = gnu17;
				GCC_NO_COMMON_BLOCKS = YES;
				GCC_WARN_64_TO_32_BIT_CONVERSION = YES;
				GCC_WARN_ABOUT_RETURN_TYPE = YES_ERROR;
				GCC_WARN_UNDECLARED_SELECTOR = YES;
				GCC_WARN_UNINITIALIZED_AUTOS = YES_AGGRESSIVE;
				GCC_WARN_UNUSED_FUNCTION = YES;
				GCC_WARN_UNUSED_VARIABLE = YES;
				IPHONEOS_DEPLOYMENT_TARGET = 17.2;
				LOCALIZATION_PREFERS_STRING_CATALOGS = YES;
				MTL_ENABLE_DEBUG_INFO = NO;
				MTL_FAST_MATH = YES;
				SDKROOT = iphoneos;
				SWIFT_COMPILATION_MODE = wholemodule;
				VALIDATE_PRODUCT = YES;
			};
			name = Release;
		};
		49650DA52B4AB8D300C0013D /* Debug */ = {
			isa = XCBuildConfiguration;
			buildSettings = {
				ASSETCATALOG_COMPILER_APPICON_NAME = AppIcon;
				ASSETCATALOG_COMPILER_GLOBAL_ACCENT_COLOR_NAME = AccentColor;
				CODE_SIGN_STYLE = Automatic;
				CURRENT_PROJECT_VERSION = 1;
				DEVELOPMENT_ASSET_PATHS = "\"OnAppearIssue/Preview Content\"";
				DEVELOPMENT_TEAM = RSW6ZAWD52;
				ENABLE_PREVIEWS = YES;
				GENERATE_INFOPLIST_FILE = YES;
				INFOPLIST_KEY_UIApplicationSceneManifest_Generation = YES;
				INFOPLIST_KEY_UIApplicationSupportsIndirectInputEvents = YES;
				INFOPLIST_KEY_UILaunchScreen_Generation = YES;
				INFOPLIST_KEY_UISupportedInterfaceOrientations_iPad = "UIInterfaceOrientationPortrait UIInterfaceOrientationPortraitUpsideDown UIInterfaceOrientationLandscapeLeft UIInterfaceOrientationLandscapeRight";
				INFOPLIST_KEY_UISupportedInterfaceOrientations_iPhone = "UIInterfaceOrientationPortrait UIInterfaceOrientationLandscapeLeft UIInterfaceOrientationLandscapeRight";
				LD_RUNPATH_SEARCH_PATHS = (
					"$(inherited)",
					"@executable_path/Frameworks",
				);
				MARKETING_VERSION = 1.0;
				PRODUCT_BUNDLE_IDENTIFIER = com.TheAlienMann.OnAppearIssue;
				PRODUCT_NAME = "$(TARGET_NAME)";
				SWIFT_EMIT_LOC_STRINGS = YES;
				SWIFT_VERSION = 5.0;
				TARGETED_DEVICE_FAMILY = "1,2";
			};
			name = Debug;
		};
		49650DA62B4AB8D300C0013D /* Release */ = {
			isa = XCBuildConfiguration;
			buildSettings = {
				ASSETCATALOG_COMPILER_APPICON_NAME = AppIcon;
				ASSETCATALOG_COMPILER_GLOBAL_ACCENT_COLOR_NAME = AccentColor;
				CODE_SIGN_STYLE = Automatic;
				CURRENT_PROJECT_VERSION = 1;
				DEVELOPMENT_ASSET_PATHS = "\"OnAppearIssue/Preview Content\"";
				DEVELOPMENT_TEAM = RSW6ZAWD52;
				ENABLE_PREVIEWS = YES;
				GENERATE_INFOPLIST_FILE = YES;
				INFOPLIST_KEY_UIApplicationSceneManifest_Generation = YES;
				INFOPLIST_KEY_UIApplicationSupportsIndirectInputEvents = YES;
				INFOPLIST_KEY_UILaunchScreen_Generation = YES;
				INFOPLIST_KEY_UISupportedInterfaceOrientations_iPad = "UIInterfaceOrientationPortrait UIInterfaceOrientationPortraitUpsideDown UIInterfaceOrientationLandscapeLeft UIInterfaceOrientationLandscapeRight";
				INFOPLIST_KEY_UISupportedInterfaceOrientations_iPhone = "UIInterfaceOrientationPortrait UIInterfaceOrientationLandscapeLeft UIInterfaceOrientationLandscapeRight";
				LD_RUNPATH_SEARCH_PATHS = (
					"$(inherited)",
					"@executable_path/Frameworks",
				);
				MARKETING_VERSION = 1.0;
				PRODUCT_BUNDLE_IDENTIFIER = com.TheAlienMann.OnAppearIssue;
				PRODUCT_NAME = "$(TARGET_NAME)";
				SWIFT_EMIT_LOC_STRINGS = YES;
				SWIFT_VERSION = 5.0;
				TARGETED_DEVICE_FAMILY = "1,2";
			};
			name = Release;
		};
		49650DB22B4ABBA000C0013D /* Debug */ = {
			isa = XCBuildConfiguration;
			buildSettings = {
				BUNDLE_LOADER = "$(TEST_HOST)";
				CODE_SIGN_STYLE = Automatic;
				CURRENT_PROJECT_VERSION = 1;
				DEVELOPMENT_TEAM = RSW6ZAWD52;
				GENERATE_INFOPLIST_FILE = YES;
				MARKETING_VERSION = 1.0;
				PRODUCT_BUNDLE_IDENTIFIER = com.TheAlienMann.OnAppearIssueTests;
				PRODUCT_NAME = "$(TARGET_NAME)";
				SWIFT_EMIT_LOC_STRINGS = NO;
				SWIFT_VERSION = 5.0;
				TARGETED_DEVICE_FAMILY = "1,2";
				TEST_HOST = "$(BUILT_PRODUCTS_DIR)/OnAppearIssue.app/$(BUNDLE_EXECUTABLE_FOLDER_PATH)/OnAppearIssue";
			};
			name = Debug;
		};
		49650DB32B4ABBA000C0013D /* Release */ = {
			isa = XCBuildConfiguration;
			buildSettings = {
				BUNDLE_LOADER = "$(TEST_HOST)";
				CODE_SIGN_STYLE = Automatic;
				CURRENT_PROJECT_VERSION = 1;
				DEVELOPMENT_TEAM = RSW6ZAWD52;
				GENERATE_INFOPLIST_FILE = YES;
				MARKETING_VERSION = 1.0;
				PRODUCT_BUNDLE_IDENTIFIER = com.TheAlienMann.OnAppearIssueTests;
				PRODUCT_NAME = "$(TARGET_NAME)";
				SWIFT_EMIT_LOC_STRINGS = NO;
				SWIFT_VERSION = 5.0;
				TARGETED_DEVICE_FAMILY = "1,2";
				TEST_HOST = "$(BUILT_PRODUCTS_DIR)/OnAppearIssue.app/$(BUNDLE_EXECUTABLE_FOLDER_PATH)/OnAppearIssue";
			};
			name = Release;
		};
/* End XCBuildConfiguration section */

/* Begin XCConfigurationList section */
		49650D912B4AB8CF00C0013D /* Build configuration list for PBXProject "OnAppearIssue" */ = {
			isa = XCConfigurationList;
			buildConfigurations = (
				49650DA22B4AB8D300C0013D /* Debug */,
				49650DA32B4AB8D300C0013D /* Release */,
			);
			defaultConfigurationIsVisible = 0;
			defaultConfigurationName = Release;
		};
		49650DA42B4AB8D300C0013D /* Build configuration list for PBXNativeTarget "OnAppearIssue" */ = {
			isa = XCConfigurationList;
			buildConfigurations = (
				49650DA52B4AB8D300C0013D /* Debug */,
				49650DA62B4AB8D300C0013D /* Release */,
			);
			defaultConfigurationIsVisible = 0;
			defaultConfigurationName = Release;
		};
		49650DB12B4ABBA000C0013D /* Build configuration list for PBXNativeTarget "OnAppearIssueTests" */ = {
			isa = XCConfigurationList;
			buildConfigurations = (
				49650DB22B4ABBA000C0013D /* Debug */,
				49650DB32B4ABBA000C0013D /* Release */,
			);
			defaultConfigurationIsVisible = 0;
			defaultConfigurationName = Release;
		};
/* End XCConfigurationList section */
	};
	rootObject = 49650D8E2B4AB8CF00C0013D /* Project object */;
}
